dependencies:
- name: grafana-operator
  repository: oci://ghcr.io/grafana/helm-charts
  version: v5.18.0
- name: victoria-metrics-operator
  repository: https://victoriametrics.github.io/helm-charts/
  version: 0.40.5
- name: cluster-api-visualizer
  repository: oci://ghcr.io/k0rdent/cluster-api-visualizer/charts
  version: 1.4.0
- name: sveltos-dashboard
  repository: https://projectsveltos.github.io/helm-charts
  version: 0.56.0
- name: dex
  repository: https://charts.dexidp.io
  version: 0.23.0
- name: kgst
  repository: oci://ghcr.io/k0rdent/catalog/charts
  version: 0.2.0
- name: kgst
  repository: oci://ghcr.io/k0rdent/catalog/charts
  version: 0.2.0
digest: sha256:f12de850e89693582f6ac88bfb6722db8b041d82b8fd54a9cb01ed9399d47252
generated: "2025-06-26T19:26:38.082999+02:00"
