dependencies:
- name: victoria-metrics-operator
  repository: https://victoriametrics.github.io/helm-charts/
  version: 0.43.1
- name: cluster-api-visualizer
  repository: oci://ghcr.io/k0rdent/cluster-api-visualizer/charts
  version: 1.4.0
- name: dex
  repository: https://charts.dexidp.io
  version: 0.23.0
- name: kgst
  repository: oci://ghcr.io/k0rdent/catalog/charts
  version: 1.2.0
- name: kgst
  repository: oci://ghcr.io/k0rdent/catalog/charts
  version: 1.2.0
- name: kof-dashboards
  repository: file://../kof-dashboards/
  version: 1.5.0
digest: sha256:628a8490d0ba8f83b7c9fdff41d30c509a9cbe8b6db73ae2e1a87ade6633d429
generated: "2025-11-07T11:14:32.795927+01:00"
