dependencies:
- name: opentelemetry-operator
  repository: https://open-telemetry.github.io/opentelemetry-helm-charts
  version: 0.84.2
- name: prometheus-operator-crds
  repository: https://prometheus-community.github.io/helm-charts
  version: 15.0.0
digest: sha256:6c1255d6ae2aaacadf2663a508d469572a2b5cf09808c7f5687d0a552427d019
generated: "2025-06-11T12:01:13.066149079-05:00"
