dependencies:
- name: grafana-operator
  repository: oci://ghcr.io/grafana/helm-charts
  version: 5.21.4
- name: opentelemetry-operator
  repository: https://open-telemetry.github.io/opentelemetry-helm-charts
  version: 0.104.0
- name: prometheus-operator-crds
  repository: https://prometheus-community.github.io/helm-charts
  version: 15.0.0
digest: sha256:74c882557bae29768a836117aa8f054d485cd98d26b6dfa98a20bcc034ad9d5f
generated: "2026-02-10T17:29:12.962829+02:00"
