dependencies:
- name: grafana-operator
  repository: oci://ghcr.io/grafana/helm-charts
  version: v5.18.0
- name: victoria-metrics-operator
  repository: https://victoriametrics.github.io/helm-charts/
  version: 0.43.1
- name: victoria-logs-cluster
  repository: https://victoriametrics.github.io/helm-charts/
  version: 0.0.2
- name: external-dns
  repository: https://kubernetes-sigs.github.io/external-dns/
  version: 1.15.2
- name: jaeger-operator
  repository: https://jaegertracing.github.io/helm-charts
  version: 2.50.1
- name: dex
  repository: https://charts.dexidp.io
  version: 0.23.0
- name: kof-dashboards
  repository: file://../kof-dashboards/
  version: 1.2.0
digest: sha256:6288834075bdb3cb73049f2b7b88babbc179ec54e1561be7bcd3d8eaf02c12a1
generated: "2025-08-07T15:41:31.531433+03:00"
