dependencies:
- name: victoria-metrics-operator
  repository: https://victoriametrics.github.io/helm-charts/
  version: 0.43.1
- name: victoria-logs-cluster
  repository: https://victoriametrics.github.io/helm-charts/
  version: 0.0.2
- name: external-dns
  repository: https://kubernetes-sigs.github.io/external-dns/
  version: 1.15.2
- name: jaeger-operator
  repository: https://jaegertracing.github.io/helm-charts
  version: 2.50.1
- name: dex
  repository: https://charts.dexidp.io
  version: 0.23.0
- name: kof-dashboards
  repository: file://../kof-dashboards/
  version: 1.5.0-rc3
digest: sha256:4c76e6449f3bf0a0aa30277a2c702c15bc1e2903eb271e214fabc82ab16b7a21
generated: "2025-11-05T18:46:52.741983+01:00"
