dependencies:
- name: grafana-operator
  repository: oci://ghcr.io/grafana/helm-charts
  version: v5.16.0
- name: victoria-metrics-operator
  repository: https://victoriametrics.github.io/helm-charts/
  version: 0.40.5
- name: victoria-logs-cluster
  repository: https://victoriametrics.github.io/helm-charts/
  version: 0.0.2
- name: external-dns
  repository: https://kubernetes-sigs.github.io/external-dns/
  version: 1.15.2
- name: jaeger-operator
  repository: https://jaegertracing.github.io/helm-charts
  version: 2.50.1
digest: sha256:137b24b426a6a17951f868fa4870e32242cbc9869c378c1c0fdc6b32dc36fd8a
generated: "2025-06-13T16:35:58.206359+02:00"
