dependencies:
- name: prometheus-node-exporter
  repository: https://prometheus-community.github.io/helm-charts
  version: 4.39.0
- name: kube-state-metrics
  repository: https://prometheus-community.github.io/helm-charts
  version: 5.25.1
- name: opencost
  repository: https://opencost.github.io/opencost-helm-chart
  version: 1.42.3
digest: sha256:cd0256130272350db619dd2bc3b328d01496503007b785519ba54261439338f1
generated: "2025-06-11T12:00:10.758747395-05:00"
