dependencies:
- name: opencost
  repository: https://opencost.github.io/opencost-helm-chart
  version: 2.4.0
- name: opentelemetry-kube-stack
  repository: https://open-telemetry.github.io/opentelemetry-helm-charts
  version: 0.5.3
- name: metrics-server
  repository: https://kubernetes-sigs.github.io/metrics-server/
  version: 3.12.1
digest: sha256:b3a21ab1bee969cda13ed2990511a606e109998a44037f96ab86ec2a28f8815d
generated: "2025-12-04T12:01:37.951257+02:00"
