dependencies:
- name: opencost
  repository: https://opencost.github.io/opencost-helm-chart
  version: 2.4.0
- name: opentelemetry-kube-stack
  repository: https://open-telemetry.github.io/opentelemetry-helm-charts
  version: 0.6.3
- name: metrics-server
  repository: https://kubernetes-sigs.github.io/metrics-server/
  version: 3.12.1
digest: sha256:9857d6e632584b0ee648ae30819827b4c5583cd571cb7d49df2cdba8025f6c8a
generated: "2026-04-12T20:20:52.809079+03:00"
